// !$*UTF8*$!
{
	archiveVersion = 1;
	classes = {
	};
	objectVersion = 46;
	objects = {

/* Begin PBXBuildFile section */
		78BFA44D3AB94ABDD33BEB12 /* libPods-MyStamp.a in Frameworks */ = {isa = PBXBuildFile; fileRef = 640CE27B9BE0AA1BA724D45D /* libPods-MyStamp.a */; };
		A4B0194DA4B0FCD6D687F4BF /* libPods-MyStampTests.a in Frameworks */ = {isa = PBXBuildFile; fileRef = 458B152E84062BB6CB634B92 /* libPods-MyStampTests.a */; };
		DD0100361B9C43B900840101 /* NoteBook.swift in Sources */ = {isa = PBXBuildFile; fileRef = DD0100351B9C43B900840101 /* NoteBook.swift */; };
		DD0100391B9C4F8000840101 /* seals.png in Resources */ = {isa = PBXBuildFile; fileRef = DD0100381B9C4F8000840101 /* seals.png */; };
		DD01003B1B9C86CF00840101 /* RLMSupport.swift in Sources */ = {isa = PBXBuildFile; fileRef = DD01003A1B9C86CF00840101 /* RLMSupport.swift */; };
		DD3C14381B9C2AEC004ED11C /* AppDelegate.swift in Sources */ = {isa = PBXBuildFile; fileRef = DD3C14371B9C2AEC004ED11C /* AppDelegate.swift */; };
		DD3C143A1B9C2AEC004ED11C /* ViewController.swift in Sources */ = {isa = PBXBuildFile; fileRef = DD3C14391B9C2AEC004ED11C /* ViewController.swift */; };
		DD3C143D1B9C2AEC004ED11C /* Main.storyboard in Resources */ = {isa = PBXBuildFile; fileRef = DD3C143B1B9C2AEC004ED11C /* Main.storyboard */; };
		DD3C143F1B9C2AEC004ED11C /* Images.xcassets in Resources */ = {isa = PBXBuildFile; fileRef = DD3C143E1B9C2AEC004ED11C /* Images.xcassets */; };
		DD3C14421B9C2AEC004ED11C /* LaunchScreen.xib in Resources */ = {isa = PBXBuildFile; fileRef = DD3C14401B9C2AEC004ED11C /* LaunchScreen.xib */; };
		DD3C144E1B9C2AEC004ED11C /* MyStampTests.swift in Sources */ = {isa = PBXBuildFile; fileRef = DD3C144D1B9C2AEC004ED11C /* MyStampTests.swift */; };
/* End PBXBuildFile section */

/* Begin PBXContainerItemProxy section */
		DD3C14481B9C2AEC004ED11C /* PBXContainerItemProxy */ = {
			isa = PBXContainerItemProxy;
			containerPortal = DD3C142A1B9C2AEC004ED11C /* Project object */;
			proxyType = 1;
			remoteGlobalIDString = DD3C14311B9C2AEC004ED11C;
			remoteInfo = MyStamp;
		};
/* End PBXContainerItemProxy section */

/* Begin PBXFileReference section */
		458B152E84062BB6CB634B92 /* libPods-MyStampTests.a */ = {isa = PBXFileReference; explicitFileType = archive.ar; includeInIndex = 0; path = "libPods-MyStampTests.a"; sourceTree = BUILT_PRODUCTS_DIR; };
		640CE27B9BE0AA1BA724D45D /* libPods-MyStamp.a */ = {isa = PBXFileReference; explicitFileType = archive.ar; includeInIndex = 0; path = "libPods-MyStamp.a"; sourceTree = BUILT_PRODUCTS_DIR; };
		8950B5156D4234D99F6F7A5F /* Pods-MyStampTests.debug.xcconfig */ = {isa = PBXFileReference; includeInIndex = 1; lastKnownFileType = text.xcconfig; name = "Pods-MyStampTests.debug.xcconfig"; path = "Pods/Target Support Files/Pods-MyStampTests/Pods-MyStampTests.debug.xcconfig"; sourceTree = "<group>"; };
		95A514C9CC3E0B66D1B6220D /* Pods-MyStamp.release.xcconfig */ = {isa = PBXFileReference; includeInIndex = 1; lastKnownFileType = text.xcconfig; name = "Pods-MyStamp.release.xcconfig"; path = "Pods/Target Support Files/Pods-MyStamp/Pods-MyStamp.release.xcconfig"; sourceTree = "<group>"; };
		B3424A800A090100633C2B71 /* Pods-MyStamp.debug.xcconfig */ = {isa = PBXFileReference; includeInIndex = 1; lastKnownFileType = text.xcconfig; name = "Pods-MyStamp.debug.xcconfig"; path = "Pods/Target Support Files/Pods-MyStamp/Pods-MyStamp.debug.xcconfig"; sourceTree = "<group>"; };
		BF557CB81D0DBEC4EC995409 /* Pods-MyStampTests.release.xcconfig */ = {isa = PBXFileReference; includeInIndex = 1; lastKnownFileType = text.xcconfig; name = "Pods-MyStampTests.release.xcconfig"; path = "Pods/Target Support Files/Pods-MyStampTests/Pods-MyStampTests.release.xcconfig"; sourceTree = "<group>"; };
		DD0100341B9C2D1E00840101 /* MyStamp-Bridging-Header.h */ = {isa = PBXFileReference; lastKnownFileType = sourcecode.c.h; path = "MyStamp-Bridging-Header.h"; sourceTree = "<group>"; };
		DD0100351B9C43B900840101 /* NoteBook.swift */ = {isa = PBXFileReference; fileEncoding = 4; lastKnownFileType = sourcecode.swift; path = NoteBook.swift; sourceTree = "<group>"; };
		DD0100381B9C4F8000840101 /* seals.png */ = {isa = PBXFileReference; lastKnownFileType = image.png; path = seals.png; sourceTree = "<group>"; };
		DD01003A1B9C86CF00840101 /* RLMSupport.swift */ = {isa = PBXFileReference; fileEncoding = 4; lastKnownFileType = sourcecode.swift; path = RLMSupport.swift; sourceTree = "<group>"; };
		DD3C14321B9C2AEC004ED11C /* MyStamp.app */ = {isa = PBXFileReference; explicitFileType = wrapper.application; includeInIndex = 0; path = MyStamp.app; sourceTree = BUILT_PRODUCTS_DIR; };
		DD3C14361B9C2AEC004ED11C /* Info.plist */ = {isa = PBXFileReference; lastKnownFileType = text.plist.xml; path = Info.plist; sourceTree = "<group>"; };
		DD3C14371B9C2AEC004ED11C /* AppDelegate.swift */ = {isa = PBXFileReference; lastKnownFileType = sourcecode.swift; path = AppDelegate.swift; sourceTree = "<group>"; };
		DD3C14391B9C2AEC004ED11C /* ViewController.swift */ = {isa = PBXFileReference; lastKnownFileType = sourcecode.swift; path = ViewController.swift; sourceTree = "<group>"; };
		DD3C143C1B9C2AEC004ED11C /* Base */ = {isa = PBXFileReference; lastKnownFileType = file.storyboard; name = Base; path = Base.lproj/Main.storyboard; sourceTree = "<group>"; };
		DD3C143E1B9C2AEC004ED11C /* Images.xcassets */ = {isa = PBXFileReference; lastKnownFileType = folder.assetcatalog; path = Images.xcassets; sourceTree = "<group>"; };
		DD3C14411B9C2AEC004ED11C /* Base */ = {isa = PBXFileReference; lastKnownFileType = file.xib; name = Base; path = Base.lproj/LaunchScreen.xib; sourceTree = "<group>"; };
		DD3C14471B9C2AEC004ED11C /* MyStampTests.xctest */ = {isa = PBXFileReference; explicitFileType = wrapper.cfbundle; includeInIndex = 0; path = MyStampTests.xctest; sourceTree = BUILT_PRODUCTS_DIR; };
		DD3C144C1B9C2AEC004ED11C /* Info.plist */ = {isa = PBXFileReference; lastKnownFileType = text.plist.xml; path = Info.plist; sourceTree = "<group>"; };
		DD3C144D1B9C2AEC004ED11C /* MyStampTests.swift */ = {isa = PBXFileReference; lastKnownFileType = sourcecode.swift; path = MyStampTests.swift; sourceTree = "<group>"; };
/* End PBXFileReference section */

/* Begin PBXFrameworksBuildPhase section */
		DD3C142F1B9C2AEC004ED11C /* Frameworks */ = {
			isa = PBXFrameworksBuildPhase;
			buildActionMask = 2147483647;
			files = (
				78BFA44D3AB94ABDD33BEB12 /* libPods-MyStamp.a in Frameworks */,
			);
			runOnlyForDeploymentPostprocessing = 0;
		};
		DD3C14441B9C2AEC004ED11C /* Frameworks */ = {
			isa = PBXFrameworksBuildPhase;
			buildActionMask = 2147483647;
			files = (
				A4B0194DA4B0FCD6D687F4BF /* libPods-MyStampTests.a in Frameworks */,
			);
			runOnlyForDeploymentPostprocessing = 0;
		};
/* End PBXFrameworksBuildPhase section */

/* Begin PBXGroup section */
		53762A47B15481726A938A9D /* Pods */ = {
			isa = PBXGroup;
			children = (
				B3424A800A090100633C2B71 /* Pods-MyStamp.debug.xcconfig */,
				95A514C9CC3E0B66D1B6220D /* Pods-MyStamp.release.xcconfig */,
				8950B5156D4234D99F6F7A5F /* Pods-MyStampTests.debug.xcconfig */,
				BF557CB81D0DBEC4EC995409 /* Pods-MyStampTests.release.xcconfig */,
			);
			name = Pods;
			sourceTree = "<group>";
		};
		7826791C6C60884A68F0549C /* Frameworks */ = {
			isa = PBXGroup;
			children = (
				640CE27B9BE0AA1BA724D45D /* libPods-MyStamp.a */,
				458B152E84062BB6CB634B92 /* libPods-MyStampTests.a */,
			);
			name = Frameworks;
			sourceTree = "<group>";
		};
		DD0100371B9C4F4600840101 /* image */ = {
			isa = PBXGroup;
			children = (
				DD0100381B9C4F8000840101 /* seals.png */,
			);
			name = image;
			path = ..;
			sourceTree = "<group>";
		};
		DD3C14291B9C2AEC004ED11C = {
			isa = PBXGroup;
			children = (
				DD3C14341B9C2AEC004ED11C /* MyStamp */,
				DD3C144A1B9C2AEC004ED11C /* MyStampTests */,
				DD3C14331B9C2AEC004ED11C /* Products */,
				53762A47B15481726A938A9D /* Pods */,
				7826791C6C60884A68F0549C /* Frameworks */,
			);
			sourceTree = "<group>";
		};
		DD3C14331B9C2AEC004ED11C /* Products */ = {
			isa = PBXGroup;
			children = (
				DD3C14321B9C2AEC004ED11C /* MyStamp.app */,
				DD3C14471B9C2AEC004ED11C /* MyStampTests.xctest */,
			);
			name = Products;
			sourceTree = "<group>";
		};
		DD3C14341B9C2AEC004ED11C /* MyStamp */ = {
			isa = PBXGroup;
			children = (
				DD3C14371B9C2AEC004ED11C /* AppDelegate.swift */,
				DD3C14391B9C2AEC004ED11C /* ViewController.swift */,
				DD3C143B1B9C2AEC004ED11C /* Main.storyboard */,
				DD3C143E1B9C2AEC004ED11C /* Images.xcassets */,
				DD3C14401B9C2AEC004ED11C /* LaunchScreen.xib */,
				DD3C14351B9C2AEC004ED11C /* Supporting Files */,
				DD0100341B9C2D1E00840101 /* MyStamp-Bridging-Header.h */,
				DD0100351B9C43B900840101 /* NoteBook.swift */,
				DD0100371B9C4F4600840101 /* image */,
				DD01003A1B9C86CF00840101 /* RLMSupport.swift */,
			);
			path = MyStamp;
			sourceTree = "<group>";
		};
		DD3C14351B9C2AEC004ED11C /* Supporting Files */ = {
			isa = PBXGroup;
			children = (
				DD3C14361B9C2AEC004ED11C /* Info.plist */,
			);
			name = "Supporting Files";
			sourceTree = "<group>";
		};
		DD3C144A1B9C2AEC004ED11C /* MyStampTests */ = {
			isa = PBXGroup;
			children = (
				DD3C144D1B9C2AEC004ED11C /* MyStampTests.swift */,
				DD3C144B1B9C2AEC004ED11C /* Supporting Files */,
			);
			path = MyStampTests;
			sourceTree = "<group>";
		};
		DD3C144B1B9C2AEC004ED11C /* Supporting Files */ = {
			isa = PBXGroup;
			children = (
				DD3C144C1B9C2AEC004ED11C /* Info.plist */,
			);
			name = "Supporting Files";
			sourceTree = "<group>";
		};
/* End PBXGroup section */

/* Begin PBXNativeTarget section */
		DD3C14311B9C2AEC004ED11C /* MyStamp */ = {
			isa = PBXNativeTarget;
			buildConfigurationList = DD3C14511B9C2AEC004ED11C /* Build configuration list for PBXNativeTarget "MyStamp" */;
			buildPhases = (
				CB53A019C6F2EB1CD762728A /* Check Pods Manifest.lock */,
				DD3C142E1B9C2AEC004ED11C /* Sources */,
				DD3C142F1B9C2AEC004ED11C /* Frameworks */,
				DD3C14301B9C2AEC004ED11C /* Resources */,
				05FABAEE6408039C235E3946 /* Copy Pods Resources */,
			);
			buildRules = (
			);
			dependencies = (
			);
			name = MyStamp;
			productName = MyStamp;
			productReference = DD3C14321B9C2AEC004ED11C /* MyStamp.app */;
			productType = "com.apple.product-type.application";
		};
		DD3C14461B9C2AEC004ED11C /* MyStampTests */ = {
			isa = PBXNativeTarget;
			buildConfigurationList = DD3C14541B9C2AEC004ED11C /* Build configuration list for PBXNativeTarget "MyStampTests" */;
			buildPhases = (
				A0CD557496A08C2B67824F55 /* Check Pods Manifest.lock */,
				DD3C14431B9C2AEC004ED11C /* Sources */,
				DD3C14441B9C2AEC004ED11C /* Frameworks */,
				DD3C14451B9C2AEC004ED11C /* Resources */,
				BBEF960C4A71EDD8235B30F0 /* Copy Pods Resources */,
			);
			buildRules = (
			);
			dependencies = (
				DD3C14491B9C2AEC004ED11C /* PBXTargetDependency */,
			);
			name = MyStampTests;
			productName = MyStampTests;
			productReference = DD3C14471B9C2AEC004ED11C /* MyStampTests.xctest */;
			productType = "com.apple.product-type.bundle.unit-test";
		};
/* End PBXNativeTarget section */

/* Begin PBXProject section */
		DD3C142A1B9C2AEC004ED11C /* Project object */ = {
			isa = PBXProject;
			attributes = {
				LastUpgradeCheck = 0640;
				ORGANIZATIONNAME = "萌";
				TargetAttributes = {
					DD3C14311B9C2AEC004ED11C = {
						CreatedOnToolsVersion = 6.4;
					};
					DD3C14461B9C2AEC004ED11C = {
						CreatedOnToolsVersion = 6.4;
						TestTargetID = DD3C14311B9C2AEC004ED11C;
					};
				};
			};
			buildConfigurationList = DD3C142D1B9C2AEC004ED11C /* Build configuration list for PBXProject "MyStamp" */;
			compatibilityVersion = "Xcode 3.2";
			developmentRegion = English;
			hasScannedForEncodings = 0;
			knownRegions = (
				en,
				Base,
			);
			mainGroup = DD3C14291B9C2AEC004ED11C;
			productRefGroup = DD3C14331B9C2AEC004ED11C /* Products */;
			projectDirPath = "";
			projectRoot = "";
			targets = (
				DD3C14311B9C2AEC004ED11C /* MyStamp */,
				DD3C14461B9C2AEC004ED11C /* MyStampTests */,
			);
		};
/* End PBXProject section */

/* Begin PBXResourcesBuildPhase section */
		DD3C14301B9C2AEC004ED11C /* Resources */ = {
			isa = PBXResourcesBuildPhase;
			buildActionMask = 2147483647;
			files = (
				DD3C143D1B9C2AEC004ED11C /* Main.storyboard in Resources */,
				DD0100391B9C4F8000840101 /* seals.png in Resources */,
				DD3C14421B9C2AEC004ED11C /* LaunchScreen.xib in Resources */,
				DD3C143F1B9C2AEC004ED11C /* Images.xcassets in Resources */,
			);
			runOnlyForDeploymentPostprocessing = 0;
		};
		DD3C14451B9C2AEC004ED11C /* Resources */ = {
			isa = PBXResourcesBuildPhase;
			buildActionMask = 2147483647;
			files = (
			);
			runOnlyForDeploymentPostprocessing = 0;
		};
/* End PBXResourcesBuildPhase section */

/* Begin PBXShellScriptBuildPhase section */
		05FABAEE6408039C235E3946 /* Copy Pods Resources */ = {
			isa = PBXShellScriptBuildPhase;
			buildActionMask = 2147483647;
			files = (
			);
			inputPaths = (
			);
			name = "Copy Pods Resources";
			outputPaths = (
			);
			runOnlyForDeploymentPostprocessing = 0;
			shellPath = /bin/sh;
			shellScript = "\"${SRCROOT}/Pods/Target Support Files/Pods-MyStamp/Pods-MyStamp-resources.sh\"\n";
			showEnvVarsInLog = 0;
		};
		A0CD557496A08C2B67824F55 /* Check Pods Manifest.lock */ = {
			isa = PBXShellScriptBuildPhase;
			buildActionMask = 2147483647;
			files = (
			);
			inputPaths = (
			);
			name = "Check Pods Manifest.lock";
			outputPaths = (
			);
			runOnlyForDeploymentPostprocessing = 0;
			shellPath = /bin/sh;
			shellScript = "diff \"${PODS_ROOT}/../Podfile.lock\" \"${PODS_ROOT}/Manifest.lock\" > /dev/null\nif [[ $? != 0 ]] ; then\n    cat << EOM\nerror: The sandbox is not in sync with the Podfile.lock. Run 'pod install' or update your CocoaPods installation.\nEOM\n    exit 1\nfi\n";
			showEnvVarsInLog = 0;
		};
		BBEF960C4A71EDD8235B30F0 /* Copy Pods Resources */ = {
			isa = PBXShellScriptBuildPhase;
			buildActionMask = 2147483647;
			files = (
			);
			inputPaths = (
			);
			name = "Copy Pods Resources";
			outputPaths = (
			);
			runOnlyForDeploymentPostprocessing = 0;
			shellPath = /bin/sh;
			shellScript = "\"${SRCROOT}/Pods/Target Support Files/Pods-MyStampTests/Pods-MyStampTests-resources.sh\"\n";
			showEnvVarsInLog = 0;
		};
		CB53A019C6F2EB1CD762728A /* Check Pods Manifest.lock */ = {
			isa = PBXShellScriptBuildPhase;
			buildActionMask = 2147483647;
			files = (
			);
			inputPaths = (
			);
			name = "Check Pods Manifest.lock";
			outputPaths = (
			);
			runOnlyForDeploymentPostprocessing = 0;
			shellPath = /bin/sh;
			shellScript = "diff \"${PODS_ROOT}/../Podfile.lock\" \"${PODS_ROOT}/Manifest.lock\" > /dev/null\nif [[ $? != 0 ]] ; then\n    cat << EOM\nerror: The sandbox is not in sync with the Podfile.lock. Run 'pod install' or update your CocoaPods installation.\nEOM\n    exit 1\nfi\n";
			showEnvVarsInLog = 0;
		};
/* End PBXShellScriptBuildPhase section */

/* Begin PBXSourcesBuildPhase section */
		DD3C142E1B9C2AEC004ED11C /* Sources */ = {
			isa = PBXSourcesBuildPhase;
			buildActionMask = 2147483647;
			files = (
				DD3C143A1B9C2AEC004ED11C /* ViewController.swift in Sources */,
				DD3C14381B9C2AEC004ED11C /* AppDelegate.swift in Sources */,
				DD0100361B9C43B900840101 /* NoteBook.swift in Sources */,
				DD01003B1B9C86CF00840101 /* RLMSupport.swift in Sources */,
			);
			runOnlyForDeploymentPostprocessing = 0;
		};
		DD3C14431B9C2AEC004ED11C /* Sources */ = {
			isa = PBXSourcesBuildPhase;
			buildActionMask = 2147483647;
			files = (
				DD3C144E1B9C2AEC004ED11C /* MyStampTests.swift in Sources */,
			);
			runOnlyForDeploymentPostprocessing = 0;
		};
/* End PBXSourcesBuildPhase section */

/* Begin PBXTargetDependency section */
		DD3C14491B9C2AEC004ED11C /* PBXTargetDependency */ = {
			isa = PBXTargetDependency;
			target = DD3C14311B9C2AEC004ED11C /* MyStamp */;
			targetProxy = DD3C14481B9C2AEC004ED11C /* PBXContainerItemProxy */;
		};
/* End PBXTargetDependency section */

/* Begin PBXVariantGroup section */
		DD3C143B1B9C2AEC004ED11C /* Main.storyboard */ = {
			isa = PBXVariantGroup;
			children = (
				DD3C143C1B9C2AEC004ED11C /* Base */,
			);
			name = Main.storyboard;
			sourceTree = "<group>";
		};
		DD3C14401B9C2AEC004ED11C /* LaunchScreen.xib */ = {
			isa = PBXVariantGroup;
			children = (
				DD3C14411B9C2AEC004ED11C /* Base */,
			);
			name = LaunchScreen.xib;
			sourceTree = "<group>";
		};
/* End PBXVariantGroup section */

/* Begin XCBuildConfiguration section */
		DD3C144F1B9C2AEC004ED11C /* Debug */ = {
			isa = XCBuildConfiguration;
			buildSettings = {
				ALWAYS_SEARCH_USER_PATHS = NO;
				CLANG_CXX_LANGUAGE_STANDARD = "gnu++0x";
				CLANG_CXX_LIBRARY = "libc++";
				CLANG_ENABLE_MODULES = YES;
				CLANG_ENABLE_OBJC_ARC = YES;
				CLANG_WARN_BOOL_CONVERSION = YES;
				CLANG_WARN_CONSTANT_CONVERSION = YES;
				CLANG_WARN_DIRECT_OBJC_ISA_USAGE = YES_ERROR;
				CLANG_WARN_EMPTY_BODY = YES;
				CLANG_WARN_ENUM_CONVERSION = YES;
				CLANG_WARN_INT_CONVERSION = YES;
				CLANG_WARN_OBJC_ROOT_CLASS = YES_ERROR;
				CLANG_WARN_UNREACHABLE_CODE = YES;
				CLANG_WARN__DUPLICATE_METHOD_MATCH = YES;
				"CODE_SIGN_IDENTITY[sdk=iphoneos*]" = "iPhone Developer";
				COPY_PHASE_STRIP = NO;
				DEBUG_INFORMATION_FORMAT = "dwarf-with-dsym";
				ENABLE_STRICT_OBJC_MSGSEND = YES;
				GCC_C_LANGUAGE_STANDARD = gnu99;
				GCC_DYNAMIC_NO_PIC = NO;
				GCC_NO_COMMON_BLOCKS = YES;
				GCC_OPTIMIZATION_LEVEL = 0;
				GCC_PREPROCESSOR_DEFINITIONS = (
					"DEBUG=1",
					"$(inherited)",
				);
				GCC_SYMBOLS_PRIVATE_EXTERN = NO;
				GCC_WARN_64_TO_32_BIT_CONVERSION = YES;
				GCC_WARN_ABOUT_RETURN_TYPE = YES_ERROR;
				GCC_WARN_UNDECLARED_SELECTOR = YES;
				GCC_WARN_UNINITIALIZED_AUTOS = YES_AGGRESSIVE;
				GCC_WARN_UNUSED_FUNCTION = YES;
				GCC_WARN_UNUSED_VARIABLE = YES;
				IPHONEOS_DEPLOYMENT_TARGET = 8.4;
				MTL_ENABLE_DEBUG_INFO = YES;
				ONLY_ACTIVE_ARCH = YES;
				SDKROOT = iphoneos;
				SWIFT_OPTIMIZATION_LEVEL = "-Onone";
			};
			name = Debug;
		};
		DD3C14501B9C2AEC004ED11C /* Release */ = {
			isa = XCBuildConfiguration;
			buildSettings = {
				ALWAYS_SEARCH_USER_PATHS = NO;
				CLANG_CXX_LANGUAGE_STANDARD = "gnu++0x";
				CLANG_CXX_LIBRARY = "libc++";
				CLANG_ENABLE_MODULES = YES;
				CLANG_ENABLE_OBJC_ARC = YES;
				CLANG_WARN_BOOL_CONVERSION = YES;
				CLANG_WARN_CONSTANT_CONVERSION = YES;
				CLANG_WARN_DIRECT_OBJC_ISA_USAGE = YES_ERROR;
				CLANG_WARN_EMPTY_BODY = YES;
				CLANG_WARN_ENUM_CONVERSION = YES;
				CLANG_WARN_INT_CONVERSION = YES;
				CLANG_WARN_OBJC_ROOT_CLASS = YES_ERROR;
				CLANG_WARN_UNREACHABLE_CODE = YES;
				CLANG_WARN__DUPLICATE_METHOD_MATCH = YES;
				"CODE_SIGN_IDENTITY[sdk=iphoneos*]" = "iPhone Developer";
				COPY_PHASE_STRIP = NO;
				DEBUG_INFORMATION_FORMAT = "dwarf-with-dsym";
				ENABLE_NS_ASSERTIONS = NO;
				ENABLE_STRICT_OBJC_MSGSEND = YES;
				GCC_C_LANGUAGE_STANDARD = gnu99;
				GCC_NO_COMMON_BLOCKS = YES;
				GCC_WARN_64_TO_32_BIT_CONVERSION = YES;
				GCC_WARN_ABOUT_RETURN_TYPE = YES_ERROR;
				GCC_WARN_UNDECLARED_SELECTOR = YES;
				GCC_WARN_UNINITIALIZED_AUTOS = YES_AGGRESSIVE;
				GCC_WARN_UNUSED_FUNCTION = YES;
				GCC_WARN_UNUSED_VARIABLE = YES;
				IPHONEOS_DEPLOYMENT_TARGET = 8.4;
				MTL_ENABLE_DEBUG_INFO = NO;
				SDKROOT = iphoneos;
				VALIDATE_PRODUCT = YES;
			};
			name = Release;
		};
		DD3C14521B9C2AEC004ED11C /* Debug */ = {
			isa = XCBuildConfiguration;
			baseConfigurationReference = B3424A800A090100633C2B71 /* Pods-MyStamp.debug.xcconfig */;
			buildSettings = {
				ASSETCATALOG_COMPILER_APPICON_NAME = AppIcon;
				INFOPLIST_FILE = MyStamp/Info.plist;
				LD_RUNPATH_SEARCH_PATHS = "$(inherited) @executable_path/Frameworks";
				PRODUCT_NAME = "$(TARGET_NAME)";
				SWIFT_OBJC_BRIDGING_HEADER = "MyStamp/Mystamp-Bridging-Header.h";
			};
			name = Debug;
		};
		DD3C14531B9C2AEC004ED11C /* Release */ = {
			isa = XCBuildConfiguration;
			baseConfigurationReference = 95A514C9CC3E0B66D1B6220D /* Pods-MyStamp.release.xcconfig */;
			buildSettings = {
				ASSETCATALOG_COMPILER_APPICON_NAME = AppIcon;
				INFOPLIST_FILE = MyStamp/Info.plist;
				LD_RUNPATH_SEARCH_PATHS = "$(inherited) @executable_path/Frameworks";
				PRODUCT_NAME = "$(TARGET_NAME)";
				SWIFT_OBJC_BRIDGING_HEADER = "MyStamp/Mystamp-Bridging-Header.h";
			};
			name = Release;
		};
		DD3C14551B9C2AEC004ED11C /* Debug */ = {
			isa = XCBuildConfiguration;
			baseConfigurationReference = 8950B5156D4234D99F6F7A5F /* Pods-MyStampTests.debug.xcconfig */;
			buildSettings = {
				BUNDLE_LOADER = "$(TEST_HOST)";
				FRAMEWORK_SEARCH_PATHS = (
					"$(SDKROOT)/Developer/Library/Frameworks",
					"$(inherited)",
				);
				GCC_PREPROCESSOR_DEFINITIONS = (
					"DEBUG=1",
					"$(inherited)",
				);
				INFOPLIST_FILE = MyStampTests/Info.plist;
				LD_RUNPATH_SEARCH_PATHS = "$(inherited) @executable_path/Frameworks @loader_path/Frameworks";
				PRODUCT_NAME = "$(TARGET_NAME)";
				TEST_HOST = "$(BUILT_PRODUCTS_DIR)/MyStamp.app/MyStamp";
			};
			name = Debug;
		};
		DD3C14561B9C2AEC004ED11C /* Release */ = {
			isa = XCBuildConfiguration;
			baseConfigurationReference = BF557CB81D0DBEC4EC995409 /* Pods-MyStampTests.release.xcconfig */;
			buildSettings = {
				BUNDLE_LOADER = "$(TEST_HOST)";
				FRAMEWORK_SEARCH_PATHS = (
					"$(SDKROOT)/Developer/Library/Frameworks",
					"$(inherited)",
				);
				INFOPLIST_FILE = MyStampTests/Info.plist;
				LD_RUNPATH_SEARCH_PATHS = "$(inherited) @executable_path/Frameworks @loader_path/Frameworks";
				PRODUCT_NAME = "$(TARGET_NAME)";
				TEST_HOST = "$(BUILT_PRODUCTS_DIR)/MyStamp.app/MyStamp";
			};
			name = Release;
		};
/* End XCBuildConfiguration section */

/* Begin XCConfigurationList section */
		DD3C142D1B9C2AEC004ED11C /* Build configuration list for PBXProject "MyStamp" */ = {
			isa = XCConfigurationList;
			buildConfigurations = (
				DD3C144F1B9C2AEC004ED11C /* Debug */,
				DD3C14501B9C2AEC004ED11C /* Release */,
			);
			defaultConfigurationIsVisible = 0;
			defaultConfigurationName = Release;
		};
		DD3C14511B9C2AEC004ED11C /* Build configuration list for PBXNativeTarget "MyStamp" */ = {
			isa = XCConfigurationList;
			buildConfigurations = (
				DD3C14521B9C2AEC004ED11C /* Debug */,
				DD3C14531B9C2AEC004ED11C /* Release */,
			);
			defaultConfigurationIsVisible = 0;
			defaultConfigurationName = Release;
		};
		DD3C14541B9C2AEC004ED11C /* Build configuration list for PBXNativeTarget "MyStampTests" */ = {
			isa = XCConfigurationList;
			buildConfigurations = (
				DD3C14551B9C2AEC004ED11C /* Debug */,
				DD3C14561B9C2AEC004ED11C /* Release */,
			);
			defaultConfigurationIsVisible = 0;
			defaultConfigurationName = Release;
		};
/* End XCConfigurationList section */
	};
	rootObject = DD3C142A1B9C2AEC004ED11C /* Project object */;
}
